
Microsoft Visual Studio Solution File, Format Version 12.00
# Visual Studio Version 16
VisualStudioVersion = 16.0.29728.190
MinimumVisualStudioVersion = 10.0.40219.1
Project("{9A19103F-16F7-4668-BE54-9A1E7A4F7556}") = "App", "App\App.csproj", "{78D853A2-864F-4DF1-B730-C234BA10B6B7}"
EndProject
Project("{2150E333-8FDC-42A3-9474-1A3956D46DE8}") = "Solution Items", "Solution Items", "{E0D81DF0-0D71-4702-9F2E-3291BA2656AC}"
	ProjectSection(SolutionItems) = preProject
		.github\workflows\ci.yml = .github\workflows\ci.yml
		README.md = README.md
	EndProjectSection
EndProject
Global
	GlobalSection(SolutionConfigurationPlatforms) = preSolution
		Debug|Any CPU = Debug|Any CPU
		Release|Any CPU = Release|Any CPU
	EndGlobalSection
	GlobalSection(ProjectConfigurationPlatforms) = postSolution
		{78D853A2-864F-4DF1-B730-C234BA10B6B7}.Debug|Any CPU.ActiveCfg = Debug|Any CPU
		{78D853A2-864F-4DF1-B730-C234BA10B6B7}.Debug|Any CPU.Build.0 = Debug|Any CPU
		{78D853A2-864F-4DF1-B730-C234BA10B6B7}.Release|Any CPU.ActiveCfg = Release|Any CPU
		{78D853A2-864F-4DF1-B730-C234BA10B6B7}.Release|Any CPU.Build.0 = Release|Any CPU
	EndGlobalSection
	GlobalSection(SolutionProperties) = preSolution
		HideSolutionNode = FALSE
	EndGlobalSection
	GlobalSection(ExtensibilityGlobals) = postSolution
		SolutionGuid = {0546F728-5530-4885-93E5-6DE9AFD4CDEF}
	EndGlobalSection
EndGlobal
